{
  "name": "bibliotheque-municipale",
  "version": "1.0.0",
  "description": "Site web de la bibliothèque municipale",
  "main": "index.html",
  "scripts": {
    "dev": "npx tailwindcss -i ./src/input.css -o ./dist/output.css --watch",
    "build": "npx tailwindcss -i ./src/input.css -o ./dist/output.css --minify"
  },
  "keywords": [],
  "author": "",
  "license": "ISC",
  "devDependencies": {
    "tailwindcss": "^3.3.0",
    "autoprefixer": "^10.4.14",
    "postcss": "^8.4.24"
  }
}